// !$*UTF8*$!
{
	archiveVersion = 1;
	classes = {
	};
	objectVersion = 50;
	objects = {

/* Begin PBXBuildFile section */
		007D721F2245772D00286690 /* TripCell.swift in Sources */ = {isa = PBXBuildFile; fileRef = 007D721E2245772D00286690 /* TripCell.swift */; };
		007D72232245797700286690 /* TripCell.xib in Resources */ = {isa = PBXBuildFile; fileRef = 007D72222245797700286690 /* TripCell.xib */; };
		00E700A822454D89005B36F5 /* NewTripController.swift in Sources */ = {isa = PBXBuildFile; fileRef = 00E700A722454D89005B36F5 /* NewTripController.swift */; };
		00FD4AC3224328A30085BC27 /* AppDelegate.swift in Sources */ = {isa = PBXBuildFile; fileRef = 00FD4AC2224328A30085BC27 /* AppDelegate.swift */; };
		00FD4AC8224328A30085BC27 /* Main.storyboard in Resources */ = {isa = PBXBuildFile; fileRef = 00FD4AC6224328A30085BC27 /* Main.storyboard */; };
		00FD4ACA224328A50085BC27 /* Assets.xcassets in Resources */ = {isa = PBXBuildFile; fileRef = 00FD4AC9224328A50085BC27 /* Assets.xcassets */; };
		00FD4ACD224328A50085BC27 /* LaunchScreen.storyboard in Resources */ = {isa = PBXBuildFile; fileRef = 00FD4ACB224328A50085BC27 /* LaunchScreen.storyboard */; };
		00FD4AD6224329900085BC27 /* Podfile in Resources */ = {isa = PBXBuildFile; fileRef = 00FD4AD5224329900085BC27 /* Podfile */; };
		00FD4ADA22432E970085BC27 /* ActiveTripsListController.swift in Sources */ = {isa = PBXBuildFile; fileRef = 00FD4AD922432E970085BC27 /* ActiveTripsListController.swift */; };
		15EDA2BBEF260A33DC5A75B7 /* Pods_packit.framework in Frameworks */ = {isa = PBXBuildFile; fileRef = FA3044CFD7F594C28CC006F2 /* Pods_packit.framework */; };
/* End PBXBuildFile section */

/* Begin PBXFileReference section */
		007D721E2245772D00286690 /* TripCell.swift */ = {isa = PBXFileReference; lastKnownFileType = sourcecode.swift; path = TripCell.swift; sourceTree = "<group>"; };
		007D72222245797700286690 /* TripCell.xib */ = {isa = PBXFileReference; lastKnownFileType = file.xib; path = TripCell.xib; sourceTree = "<group>"; };
		00E700A722454D89005B36F5 /* NewTripController.swift */ = {isa = PBXFileReference; lastKnownFileType = sourcecode.swift; path = NewTripController.swift; sourceTree = "<group>"; };
		00FD4ABF224328A30085BC27 /* packit.app */ = {isa = PBXFileReference; explicitFileType = wrapper.application; includeInIndex = 0; path = packit.app; sourceTree = BUILT_PRODUCTS_DIR; };
		00FD4AC2224328A30085BC27 /* AppDelegate.swift */ = {isa = PBXFileReference; lastKnownFileType = sourcecode.swift; path = AppDelegate.swift; sourceTree = "<group>"; };
		00FD4AC7224328A30085BC27 /* Base */ = {isa = PBXFileReference; lastKnownFileType = file.storyboard; name = Base; path = Base.lproj/Main.storyboard; sourceTree = "<group>"; };
		00FD4AC9224328A50085BC27 /* Assets.xcassets */ = {isa = PBXFileReference; lastKnownFileType = folder.assetcatalog; path = Assets.xcassets; sourceTree = "<group>"; };
		00FD4ACC224328A50085BC27 /* Base */ = {isa = PBXFileReference; lastKnownFileType = file.storyboard; name = Base; path = Base.lproj/LaunchScreen.storyboard; sourceTree = "<group>"; };
		00FD4ACE224328A50085BC27 /* Info.plist */ = {isa = PBXFileReference; lastKnownFileType = text.plist.xml; path = Info.plist; sourceTree = "<group>"; };
		00FD4AD5224329900085BC27 /* Podfile */ = {isa = PBXFileReference; fileEncoding = 4; lastKnownFileType = text; path = Podfile; sourceTree = "<group>"; };
		00FD4AD922432E970085BC27 /* ActiveTripsListController.swift */ = {isa = PBXFileReference; lastKnownFileType = sourcecode.swift; path = ActiveTripsListController.swift; sourceTree = "<group>"; };
		9D5FF2E50221E81662F03087 /* Pods-packit.debug.xcconfig */ = {isa = PBXFileReference; includeInIndex = 1; lastKnownFileType = text.xcconfig; name = "Pods-packit.debug.xcconfig"; path = "Target Support Files/Pods-packit/Pods-packit.debug.xcconfig"; sourceTree = "<group>"; };
		C3895CD62DBEF23685152240 /* Pods-packit.release.xcconfig */ = {isa = PBXFileReference; includeInIndex = 1; lastKnownFileType = text.xcconfig; name = "Pods-packit.release.xcconfig"; path = "Target Support Files/Pods-packit/Pods-packit.release.xcconfig"; sourceTree = "<group>"; };
		FA3044CFD7F594C28CC006F2 /* Pods_packit.framework */ = {isa = PBXFileReference; explicitFileType = wrapper.framework; includeInIndex = 0; path = Pods_packit.framework; sourceTree = BUILT_PRODUCTS_DIR; };
/* End PBXFileReference section */

/* Begin PBXFrameworksBuildPhase section */
		00FD4ABC224328A30085BC27 /* Frameworks */ = {
			isa = PBXFrameworksBuildPhase;
			buildActionMask = 2147483647;
			files = (
				15EDA2BBEF260A33DC5A75B7 /* Pods_packit.framework in Frameworks */,
			);
			runOnlyForDeploymentPostprocessing = 0;
		};
/* End PBXFrameworksBuildPhase section */

/* Begin PBXGroup section */
		007D721D2245765F00286690 /* Nibs */ = {
			isa = PBXGroup;
			children = (
				007D721E2245772D00286690 /* TripCell.swift */,
				007D72222245797700286690 /* TripCell.xib */,
			);
			path = Nibs;
			sourceTree = "<group>";
		};
		00E700A922454E44005B36F5 /* Controllers */ = {
			isa = PBXGroup;
			children = (
				00FD4AD922432E970085BC27 /* ActiveTripsListController.swift */,
				00E700A722454D89005B36F5 /* NewTripController.swift */,
			);
			path = Controllers;
			sourceTree = "<group>";
		};
		00E700AA22454E55005B36F5 /* Models */ = {
			isa = PBXGroup;
			children = (
			);
			path = Models;
			sourceTree = "<group>";
		};
		00FD4AB6224328A30085BC27 = {
			isa = PBXGroup;
			children = (
				00FD4AC1224328A30085BC27 /* packit */,
				00FD4AD5224329900085BC27 /* Podfile */,
				00FD4AC0224328A30085BC27 /* Products */,
				B443ED707BA620A6933FEBAF /* Pods */,
				3B056B37441BD64AC8B64942 /* Frameworks */,
			);
			sourceTree = "<group>";
		};
		00FD4AC0224328A30085BC27 /* Products */ = {
			isa = PBXGroup;
			children = (
				00FD4ABF224328A30085BC27 /* packit.app */,
			);
			name = Products;
			sourceTree = "<group>";
		};
		00FD4AC1224328A30085BC27 /* packit */ = {
			isa = PBXGroup;
			children = (
				007D721D2245765F00286690 /* Nibs */,
				00E700AA22454E55005B36F5 /* Models */,
				00E700A922454E44005B36F5 /* Controllers */,
				00FD4AC6224328A30085BC27 /* Main.storyboard */,
				00FD4AC2224328A30085BC27 /* AppDelegate.swift */,
				00FD4AD4224329570085BC27 /* Support Files */,
			);
			path = packit;
			sourceTree = "<group>";
		};
		00FD4AD4224329570085BC27 /* Support Files */ = {
			isa = PBXGroup;
			children = (
				00FD4ACB224328A50085BC27 /* LaunchScreen.storyboard */,
				00FD4ACE224328A50085BC27 /* Info.plist */,
				00FD4AC9224328A50085BC27 /* Assets.xcassets */,
			);
			path = "Support Files";
			sourceTree = "<group>";
		};
		3B056B37441BD64AC8B64942 /* Frameworks */ = {
			isa = PBXGroup;
			children = (
				FA3044CFD7F594C28CC006F2 /* Pods_packit.framework */,
			);
			name = Frameworks;
			sourceTree = "<group>";
		};
		B443ED707BA620A6933FEBAF /* Pods */ = {
			isa = PBXGroup;
			children = (
				9D5FF2E50221E81662F03087 /* Pods-packit.debug.xcconfig */,
				C3895CD62DBEF23685152240 /* Pods-packit.release.xcconfig */,
			);
			path = Pods;
			sourceTree = "<group>";
		};
/* End PBXGroup section */

/* Begin PBXNativeTarget section */
		00FD4ABE224328A30085BC27 /* packit */ = {
			isa = PBXNativeTarget;
			buildConfigurationList = 00FD4AD1224328A50085BC27 /* Build configuration list for PBXNativeTarget "packit" */;
			buildPhases = (
				4B949D4ED6B0220278EB3D17 /* [CP] Check Pods Manifest.lock */,
				00FD4ABB224328A30085BC27 /* Sources */,
				00FD4ABC224328A30085BC27 /* Frameworks */,
				00FD4ABD224328A30085BC27 /* Resources */,
				12D29A36F6B22D409FCD06A6 /* [CP] Embed Pods Frameworks */,
			);
			buildRules = (
			);
			dependencies = (
			);
			name = packit;
			productName = packit;
			productReference = 00FD4ABF224328A30085BC27 /* packit.app */;
			productType = "com.apple.product-type.application";
		};
/* End PBXNativeTarget section */

/* Begin PBXProject section */
		00FD4AB7224328A30085BC27 /* Project object */ = {
			isa = PBXProject;
			attributes = {
				LastSwiftUpdateCheck = 1010;
				LastUpgradeCheck = 1010;
				ORGANIZATIONNAME = "Timothy Ludi";
				TargetAttributes = {
					00FD4ABE224328A30085BC27 = {
						CreatedOnToolsVersion = 10.1;
					};
				};
			};
			buildConfigurationList = 00FD4ABA224328A30085BC27 /* Build configuration list for PBXProject "packit" */;
			compatibilityVersion = "Xcode 9.3";
			developmentRegion = en;
			hasScannedForEncodings = 0;
			knownRegions = (
				en,
				Base,
			);
			mainGroup = 00FD4AB6224328A30085BC27;
			productRefGroup = 00FD4AC0224328A30085BC27 /* Products */;
			projectDirPath = "";
			projectRoot = "";
			targets = (
				00FD4ABE224328A30085BC27 /* packit */,
			);
		};
/* End PBXProject section */

/* Begin PBXResourcesBuildPhase section */
		00FD4ABD224328A30085BC27 /* Resources */ = {
			isa = PBXResourcesBuildPhase;
			buildActionMask = 2147483647;
			files = (
				007D72232245797700286690 /* TripCell.xib in Resources */,
				00FD4ACD224328A50085BC27 /* LaunchScreen.storyboard in Resources */,
				00FD4ACA224328A50085BC27 /* Assets.xcassets in Resources */,
				00FD4AD6224329900085BC27 /* Podfile in Resources */,
				00FD4AC8224328A30085BC27 /* Main.storyboard in Resources */,
			);
			runOnlyForDeploymentPostprocessing = 0;
		};
/* End PBXResourcesBuildPhase section */

/* Begin PBXShellScriptBuildPhase section */
		12D29A36F6B22D409FCD06A6 /* [CP] Embed Pods Frameworks */ = {
			isa = PBXShellScriptBuildPhase;
			buildActionMask = 2147483647;
			files = (
			);
			inputFileListPaths = (
			);
			inputPaths = (
				"${PODS_ROOT}/Target Support Files/Pods-packit/Pods-packit-frameworks.sh",
				"${BUILT_PRODUCTS_DIR}/Realm/Realm.framework",
				"${BUILT_PRODUCTS_DIR}/RealmSwift/RealmSwift.framework",
			);
			name = "[CP] Embed Pods Frameworks";
			outputFileListPaths = (
			);
			outputPaths = (
				"${TARGET_BUILD_DIR}/${FRAMEWORKS_FOLDER_PATH}/Realm.framework",
				"${TARGET_BUILD_DIR}/${FRAMEWORKS_FOLDER_PATH}/RealmSwift.framework",
			);
			runOnlyForDeploymentPostprocessing = 0;
			shellPath = /bin/sh;
			shellScript = "\"${PODS_ROOT}/Target Support Files/Pods-packit/Pods-packit-frameworks.sh\"\n";
			showEnvVarsInLog = 0;
		};
		4B949D4ED6B0220278EB3D17 /* [CP] Check Pods Manifest.lock */ = {
			isa = PBXShellScriptBuildPhase;
			buildActionMask = 2147483647;
			files = (
			);
			inputFileListPaths = (
			);
			inputPaths = (
				"${PODS_PODFILE_DIR_PATH}/Podfile.lock",
				"${PODS_ROOT}/Manifest.lock",
			);
			name = "[CP] Check Pods Manifest.lock";
			outputFileListPaths = (
			);
			outputPaths = (
				"$(DERIVED_FILE_DIR)/Pods-packit-checkManifestLockResult.txt",
			);
			runOnlyForDeploymentPostprocessing = 0;
			shellPath = /bin/sh;
			shellScript = "diff \"${PODS_PODFILE_DIR_PATH}/Podfile.lock\" \"${PODS_ROOT}/Manifest.lock\" > /dev/null\nif [ $? != 0 ] ; then\n    # print error to STDERR\n    echo \"error: The sandbox is not in sync with the Podfile.lock. Run 'pod install' or update your CocoaPods installation.\" >&2\n    exit 1\nfi\n# This output is used by Xcode 'outputs' to avoid re-running this script phase.\necho \"SUCCESS\" > \"${SCRIPT_OUTPUT_FILE_0}\"\n";
			showEnvVarsInLog = 0;
		};
/* End PBXShellScriptBuildPhase section */

/* Begin PBXSourcesBuildPhase section */
		00FD4ABB224328A30085BC27 /* Sources */ = {
			isa = PBXSourcesBuildPhase;
			buildActionMask = 2147483647;
			files = (
				007D721F2245772D00286690 /* TripCell.swift in Sources */,
				00FD4ADA22432E970085BC27 /* ActiveTripsListController.swift in Sources */,
				00FD4AC3224328A30085BC27 /* AppDelegate.swift in Sources */,
				00E700A822454D89005B36F5 /* NewTripController.swift in Sources */,
			);
			runOnlyForDeploymentPostprocessing = 0;
		};
/* End PBXSourcesBuildPhase section */

/* Begin PBXVariantGroup section */
		00FD4AC6224328A30085BC27 /* Main.storyboard */ = {
			isa = PBXVariantGroup;
			children = (
				00FD4AC7224328A30085BC27 /* Base */,
			);
			name = Main.storyboard;
			sourceTree = "<group>";
		};
		00FD4ACB224328A50085BC27 /* LaunchScreen.storyboard */ = {
			isa = PBXVariantGroup;
			children = (
				00FD4ACC224328A50085BC27 /* Base */,
			);
			name = LaunchScreen.storyboard;
			sourceTree = "<group>";
		};
/* End PBXVariantGroup section */

/* Begin XCBuildConfiguration section */
		00FD4ACF224328A50085BC27 /* Debug */ = {
			isa = XCBuildConfiguration;
			buildSettings = {
				ALWAYS_SEARCH_USER_PATHS = NO;
				CLANG_ANALYZER_NONNULL = YES;
				CLANG_ANALYZER_NUMBER_OBJECT_CONVERSION = YES_AGGRESSIVE;
				CLANG_CXX_LANGUAGE_STANDARD = "gnu++14";
				CLANG_CXX_LIBRARY = "libc++";
				CLANG_ENABLE_MODULES = YES;
				CLANG_ENABLE_OBJC_ARC = YES;
				CLANG_ENABLE_OBJC_WEAK = YES;
				CLANG_WARN_BLOCK_CAPTURE_AUTORELEASING = YES;
				CLANG_WARN_BOOL_CONVERSION = YES;
				CLANG_WARN_COMMA = YES;
				CLANG_WARN_CONSTANT_CONVERSION = YES;
				CLANG_WARN_DEPRECATED_OBJC_IMPLEMENTATIONS = YES;
				CLANG_WARN_DIRECT_OBJC_ISA_USAGE = YES_ERROR;
				CLANG_WARN_DOCUMENTATION_COMMENTS = YES;
				CLANG_WARN_EMPTY_BODY = YES;
				CLANG_WARN_ENUM_CONVERSION = YES;
				CLANG_WARN_INFINITE_RECURSION = YES;
				CLANG_WARN_INT_CONVERSION = YES;
				CLANG_WARN_NON_LITERAL_NULL_CONVERSION = YES;
				CLANG_WARN_OBJC_IMPLICIT_RETAIN_SELF = YES;
				CLANG_WARN_OBJC_LITERAL_CONVERSION = YES;
				CLANG_WARN_OBJC_ROOT_CLASS = YES_ERROR;
				CLANG_WARN_RANGE_LOOP_ANALYSIS = YES;
				CLANG_WARN_STRICT_PROTOTYPES = YES;
				CLANG_WARN_SUSPICIOUS_MOVE = YES;
				CLANG_WARN_UNGUARDED_AVAILABILITY = YES_AGGRESSIVE;
				CLANG_WARN_UNREACHABLE_CODE = YES;
				CLANG_WARN__DUPLICATE_METHOD_MATCH = YES;
				CODE_SIGN_IDENTITY = "iPhone Developer";
				COPY_PHASE_STRIP = NO;
				DEBUG_INFORMATION_FORMAT = dwarf;
				ENABLE_STRICT_OBJC_MSGSEND = YES;
				ENABLE_TESTABILITY = YES;
				GCC_C_LANGUAGE_STANDARD = gnu11;
				GCC_DYNAMIC_NO_PIC = NO;
				GCC_NO_COMMON_BLOCKS = YES;
				GCC_OPTIMIZATION_LEVEL = 0;
				GCC_PREPROCESSOR_DEFINITIONS = (
					"DEBUG=1",
					"$(inherited)",
				);
				GCC_WARN_64_TO_32_BIT_CONVERSION = YES;
				GCC_WARN_ABOUT_RETURN_TYPE = YES_ERROR;
				GCC_WARN_UNDECLARED_SELECTOR = YES;
				GCC_WARN_UNINITIALIZED_AUTOS = YES_AGGRESSIVE;
				GCC_WARN_UNUSED_FUNCTION = YES;
				GCC_WARN_UNUSED_VARIABLE = YES;
				IPHONEOS_DEPLOYMENT_TARGET = 12.1;
				MTL_ENABLE_DEBUG_INFO = INCLUDE_SOURCE;
				MTL_FAST_MATH = YES;
				ONLY_ACTIVE_ARCH = YES;
				SDKROOT = iphoneos;
				SWIFT_ACTIVE_COMPILATION_CONDITIONS = DEBUG;
				SWIFT_OPTIMIZATION_LEVEL = "-Onone";
			};
			name = Debug;
		};
		00FD4AD0224328A50085BC27 /* Release */ = {
			isa = XCBuildConfiguration;
			buildSettings = {
				ALWAYS_SEARCH_USER_PATHS = NO;
				CLANG_ANALYZER_NONNULL = YES;
				CLANG_ANALYZER_NUMBER_OBJECT_CONVERSION = YES_AGGRESSIVE;
				CLANG_CXX_LANGUAGE_STANDARD = "gnu++14";
				CLANG_CXX_LIBRARY = "libc++";
				CLANG_ENABLE_MODULES = YES;
				CLANG_ENABLE_OBJC_ARC = YES;
				CLANG_ENABLE_OBJC_WEAK = YES;
				CLANG_WARN_BLOCK_CAPTURE_AUTORELEASING = YES;
				CLANG_WARN_BOOL_CONVERSION = YES;
				CLANG_WARN_COMMA = YES;
				CLANG_WARN_CONSTANT_CONVERSION = YES;
				CLANG_WARN_DEPRECATED_OBJC_IMPLEMENTATIONS = YES;
				CLANG_WARN_DIRECT_OBJC_ISA_USAGE = YES_ERROR;
				CLANG_WARN_DOCUMENTATION_COMMENTS = YES;
				CLANG_WARN_EMPTY_BODY = YES;
				CLANG_WARN_ENUM_CONVERSION = YES;
				CLANG_WARN_INFINITE_RECURSION = YES;
				CLANG_WARN_INT_CONVERSION = YES;
				CLANG_WARN_NON_LITERAL_NULL_CONVERSION = YES;
				CLANG_WARN_OBJC_IMPLICIT_RETAIN_SELF = YES;
				CLANG_WARN_OBJC_LITERAL_CONVERSION = YES;
				CLANG_WARN_OBJC_ROOT_CLASS = YES_ERROR;
				CLANG_WARN_RANGE_LOOP_ANALYSIS = YES;
				CLANG_WARN_STRICT_PROTOTYPES = YES;
				CLANG_WARN_SUSPICIOUS_MOVE = YES;
				CLANG_WARN_UNGUARDED_AVAILABILITY = YES_AGGRESSIVE;
				CLANG_WARN_UNREACHABLE_CODE = YES;
				CLANG_WARN__DUPLICATE_METHOD_MATCH = YES;
				CODE_SIGN_IDENTITY = "iPhone Developer";
				COPY_PHASE_STRIP = NO;
				DEBUG_INFORMATION_FORMAT = "dwarf-with-dsym";
				ENABLE_NS_ASSERTIONS = NO;
				ENABLE_STRICT_OBJC_MSGSEND = YES;
				GCC_C_LANGUAGE_STANDARD = gnu11;
				GCC_NO_COMMON_BLOCKS = YES;
				GCC_WARN_64_TO_32_BIT_CONVERSION = YES;
				GCC_WARN_ABOUT_RETURN_TYPE = YES_ERROR;
				GCC_WARN_UNDECLARED_SELECTOR = YES;
				GCC_WARN_UNINITIALIZED_AUTOS = YES_AGGRESSIVE;
				GCC_WARN_UNUSED_FUNCTION = YES;
				GCC_WARN_UNUSED_VARIABLE = YES;
				IPHONEOS_DEPLOYMENT_TARGET = 12.1;
				MTL_ENABLE_DEBUG_INFO = NO;
				MTL_FAST_MATH = YES;
				SDKROOT = iphoneos;
				SWIFT_COMPILATION_MODE = wholemodule;
				SWIFT_OPTIMIZATION_LEVEL = "-O";
				VALIDATE_PRODUCT = YES;
			};
			name = Release;
		};
		00FD4AD2224328A50085BC27 /* Debug */ = {
			isa = XCBuildConfiguration;
			baseConfigurationReference = 9D5FF2E50221E81662F03087 /* Pods-packit.debug.xcconfig */;
			buildSettings = {
				ASSETCATALOG_COMPILER_APPICON_NAME = AppIcon;
				CODE_SIGN_STYLE = Automatic;
				DEVELOPMENT_TEAM = LWH67H9CS7;
				INFOPLIST_FILE = "$(SRCROOT)/packit/Support Files/Info.plist";
				LD_RUNPATH_SEARCH_PATHS = (
					"$(inherited)",
					"@executable_path/Frameworks",
				);
				PRODUCT_BUNDLE_IDENTIFIER = com.oatmealLabs.packit;
				PRODUCT_NAME = "$(TARGET_NAME)";
				SWIFT_VERSION = 4.2;
				TARGETED_DEVICE_FAMILY = "1,2";
			};
			name = Debug;
		};
		00FD4AD3224328A50085BC27 /* Release */ = {
			isa = XCBuildConfiguration;
			baseConfigurationReference = C3895CD62DBEF23685152240 /* Pods-packit.release.xcconfig */;
			buildSettings = {
				ASSETCATALOG_COMPILER_APPICON_NAME = AppIcon;
				CODE_SIGN_STYLE = Automatic;
				DEVELOPMENT_TEAM = LWH67H9CS7;
				INFOPLIST_FILE = "$(SRCROOT)/packit/Support Files/Info.plist";
				LD_RUNPATH_SEARCH_PATHS = (
					"$(inherited)",
					"@executable_path/Frameworks",
				);
				PRODUCT_BUNDLE_IDENTIFIER = com.oatmealLabs.packit;
				PRODUCT_NAME = "$(TARGET_NAME)";
				SWIFT_VERSION = 4.2;
				TARGETED_DEVICE_FAMILY = "1,2";
			};
			name = Release;
		};
/* End XCBuildConfiguration section */

/* Begin XCConfigurationList section */
		00FD4ABA224328A30085BC27 /* Build configuration list for PBXProject "packit" */ = {
			isa = XCConfigurationList;
			buildConfigurations = (
				00FD4ACF224328A50085BC27 /* Debug */,
				00FD4AD0224328A50085BC27 /* Release */,
			);
			defaultConfigurationIsVisible = 0;
			defaultConfigurationName = Release;
		};
		00FD4AD1224328A50085BC27 /* Build configuration list for PBXNativeTarget "packit" */ = {
			isa = XCConfigurationList;
			buildConfigurations = (
				00FD4AD2224328A50085BC27 /* Debug */,
				00FD4AD3224328A50085BC27 /* Release */,
			);
			defaultConfigurationIsVisible = 0;
			defaultConfigurationName = Release;
		};
/* End XCConfigurationList section */
	};
	rootObject = 00FD4AB7224328A30085BC27 /* Project object */;
}
